// !$*UTF8*$!
{
	archiveVersion = 1;
	classes = {
	};
	objectVersion = 48;
	objects = {

/* Begin PBXBuildFile section */
		0DC09F9BD55B3CF219FED421 /* Pods_Viajabessa.framework in Frameworks */ = {isa = PBXBuildFile; fileRef = 1601F954ABDD7D3F83E1047D /* Pods_Viajabessa.framework */; };
		3168055A20A21A7C004D0E22 /* ServiceURL.swift in Sources */ = {isa = PBXBuildFile; fileRef = 3168055920A21A7C004D0E22 /* ServiceURL.swift */; };
		3168055F20A21D13004D0E22 /* ServiceManager.swift in Sources */ = {isa = PBXBuildFile; fileRef = 3168055E20A21D13004D0E22 /* ServiceManager.swift */; };
		3168056220A21D36004D0E22 /* ServiceManagerProtocol.swift in Sources */ = {isa = PBXBuildFile; fileRef = 3168056120A21D36004D0E22 /* ServiceManagerProtocol.swift */; };
		3168056520A21D56004D0E22 /* ServiceError.swift in Sources */ = {isa = PBXBuildFile; fileRef = 3168056420A21D56004D0E22 /* ServiceError.swift */; };
		3168056720A22084004D0E22 /* PacksService.swift in Sources */ = {isa = PBXBuildFile; fileRef = 3168056620A22084004D0E22 /* PacksService.swift */; };
		3168056C20A22C51004D0E22 /* TravelPackagesListPresenter.swift in Sources */ = {isa = PBXBuildFile; fileRef = 3168056B20A22C51004D0E22 /* TravelPackagesListPresenter.swift */; };
		3168056E20A22C96004D0E22 /* TravelPackagesListProtocol.swift in Sources */ = {isa = PBXBuildFile; fileRef = 3168056D20A22C96004D0E22 /* TravelPackagesListProtocol.swift */; };
		3168057320A23CD3004D0E22 /* TravelPackagesListController.swift in Sources */ = {isa = PBXBuildFile; fileRef = 3168057120A23CD3004D0E22 /* TravelPackagesListController.swift */; };
		31C9E93120A212AE00F4019F /* Packs.swift in Sources */ = {isa = PBXBuildFile; fileRef = 31C9E93020A212AE00F4019F /* Packs.swift */; };
		31C9E93320A2163A00F4019F /* TravelPackageModel.swift in Sources */ = {isa = PBXBuildFile; fileRef = 31C9E93220A2163A00F4019F /* TravelPackageModel.swift */; };
		31E06DDD20A384910083465A /* TravelPackageCollectionViewCell.swift in Sources */ = {isa = PBXBuildFile; fileRef = 31E06DDB20A382150083465A /* TravelPackageCollectionViewCell.swift */; };
		31FBF43620A3749500D15D79 /* NSObject.swift in Sources */ = {isa = PBXBuildFile; fileRef = 31FBF43520A3749500D15D79 /* NSObject.swift */; };
		31FBF43A20A3751600D15D79 /* TravelPackagesViewCell.swift in Sources */ = {isa = PBXBuildFile; fileRef = 31FBF43820A3751600D15D79 /* TravelPackagesViewCell.swift */; };
		9F0E065920A881AB00C35E3C /* VSTextField.swift in Sources */ = {isa = PBXBuildFile; fileRef = 9F0E065820A881AA00C35E3C /* VSTextField.swift */; };
		9F0E065D20A8CB9000C35E3C /* PaymentHistoryCell.swift in Sources */ = {isa = PBXBuildFile; fileRef = 9F0E065B20A8CB9000C35E3C /* PaymentHistoryCell.swift */; };
		9F0E065E20A8CB9000C35E3C /* PaymentHistoryCell.xib in Resources */ = {isa = PBXBuildFile; fileRef = 9F0E065C20A8CB9000C35E3C /* PaymentHistoryCell.xib */; };
		9FE9671420A7760A00A731C4 /* TravelPackagesDetailController.swift in Sources */ = {isa = PBXBuildFile; fileRef = 9FE9671320A7760A00A731C4 /* TravelPackagesDetailController.swift */; };
		9FE9671620A7AC3300A731C4 /* TravelPackagesDetailPresenter.swift in Sources */ = {isa = PBXBuildFile; fileRef = 9FE9671520A7AC3300A731C4 /* TravelPackagesDetailPresenter.swift */; };
		9FE9671820A7AC5800A731C4 /* TravelPackagesDetailProtocol.swift in Sources */ = {isa = PBXBuildFile; fileRef = 9FE9671720A7AC5800A731C4 /* TravelPackagesDetailProtocol.swift */; };
		9FE9671C20A7B87C00A731C4 /* TravelPackageDatabase.swift in Sources */ = {isa = PBXBuildFile; fileRef = 9FE9671B20A7B87C00A731C4 /* TravelPackageDatabase.swift */; };
		9FE9672020A7BFB100A731C4 /* Alert.swift in Sources */ = {isa = PBXBuildFile; fileRef = 9FE9671F20A7BFB100A731C4 /* Alert.swift */; };
		9FE9673120A7CD5900A731C4 /* TravelPackagesPurchaseController.swift in Sources */ = {isa = PBXBuildFile; fileRef = 9FE9673020A7CD5900A731C4 /* TravelPackagesPurchaseController.swift */; };
		9FE9673320A7CD6D00A731C4 /* TravelPackagesPurchasePresenter.swift in Sources */ = {isa = PBXBuildFile; fileRef = 9FE9673220A7CD6D00A731C4 /* TravelPackagesPurchasePresenter.swift */; };
		9FE9673520A7CD7D00A731C4 /* TravelPackagesPurchaseProtocol.swift in Sources */ = {isa = PBXBuildFile; fileRef = 9FE9673420A7CD7D00A731C4 /* TravelPackagesPurchaseProtocol.swift */; };
		9FE9673720A7CDBD00A731C4 /* TravelPackagesPaymentHistoryController.swift in Sources */ = {isa = PBXBuildFile; fileRef = 9FE9673620A7CDBD00A731C4 /* TravelPackagesPaymentHistoryController.swift */; };
		9FE9673920A7CDD200A731C4 /* TravelPackagesPaymentHistoryControllerPresenter.swift in Sources */ = {isa = PBXBuildFile; fileRef = 9FE9673820A7CDD200A731C4 /* TravelPackagesPaymentHistoryControllerPresenter.swift */; };
		9FE9673B20A7CDDF00A731C4 /* TravelPackagesPaymentHistoryControllerProtocol.swift in Sources */ = {isa = PBXBuildFile; fileRef = 9FE9673A20A7CDDF00A731C4 /* TravelPackagesPaymentHistoryControllerProtocol.swift */; };
		9FE9673D20A7CFA800A731C4 /* AppControl.swift in Sources */ = {isa = PBXBuildFile; fileRef = 9FE9673C20A7CFA800A731C4 /* AppControl.swift */; };
		9FE9673F20A7D01600A731C4 /* Coloring.swift in Sources */ = {isa = PBXBuildFile; fileRef = 9FE9673E20A7D01600A731C4 /* Coloring.swift */; };
		9FE9674320A7FBC500A731C4 /* WithoutViewCell.swift in Sources */ = {isa = PBXBuildFile; fileRef = 9FE9674120A7FBC500A731C4 /* WithoutViewCell.swift */; };
		9FE9674420A7FBC500A731C4 /* WithoutViewCell.xib in Resources */ = {isa = PBXBuildFile; fileRef = 9FE9674220A7FBC500A731C4 /* WithoutViewCell.xib */; };
		9FE9674B20A8032100A731C4 /* ButtonViewParameterization.swift in Sources */ = {isa = PBXBuildFile; fileRef = 9FE9674A20A8032100A731C4 /* ButtonViewParameterization.swift */; };
		9FFFEC1320A1156C00514B1B /* AppDelegate.swift in Sources */ = {isa = PBXBuildFile; fileRef = 9FFFEC1220A1156C00514B1B /* AppDelegate.swift */; };
		9FFFEC1820A1156C00514B1B /* Main.storyboard in Resources */ = {isa = PBXBuildFile; fileRef = 9FFFEC1620A1156C00514B1B /* Main.storyboard */; };
		9FFFEC1A20A1156C00514B1B /* Assets.xcassets in Resources */ = {isa = PBXBuildFile; fileRef = 9FFFEC1920A1156C00514B1B /* Assets.xcassets */; };
		9FFFEC1D20A1156C00514B1B /* LaunchScreen.storyboard in Resources */ = {isa = PBXBuildFile; fileRef = 9FFFEC1B20A1156C00514B1B /* LaunchScreen.storyboard */; };
/* End PBXBuildFile section */

/* Begin PBXFileReference section */
		109BE4CA68BB6AAA96148E20 /* Pods-Viajabessa.release.xcconfig */ = {isa = PBXFileReference; includeInIndex = 1; lastKnownFileType = text.xcconfig; name = "Pods-Viajabessa.release.xcconfig"; path = "Pods/Target Support Files/Pods-Viajabessa/Pods-Viajabessa.release.xcconfig"; sourceTree = "<group>"; };
		1601F954ABDD7D3F83E1047D /* Pods_Viajabessa.framework */ = {isa = PBXFileReference; explicitFileType = wrapper.framework; includeInIndex = 0; path = Pods_Viajabessa.framework; sourceTree = BUILT_PRODUCTS_DIR; };
		3168055920A21A7C004D0E22 /* ServiceURL.swift */ = {isa = PBXFileReference; lastKnownFileType = sourcecode.swift; path = ServiceURL.swift; sourceTree = "<group>"; };
		3168055E20A21D13004D0E22 /* ServiceManager.swift */ = {isa = PBXFileReference; lastKnownFileType = sourcecode.swift; path = ServiceManager.swift; sourceTree = "<group>"; };
		3168056120A21D36004D0E22 /* ServiceManagerProtocol.swift */ = {isa = PBXFileReference; lastKnownFileType = sourcecode.swift; path = ServiceManagerProtocol.swift; sourceTree = "<group>"; };
		3168056420A21D56004D0E22 /* ServiceError.swift */ = {isa = PBXFileReference; lastKnownFileType = sourcecode.swift; path = ServiceError.swift; sourceTree = "<group>"; };
		3168056620A22084004D0E22 /* PacksService.swift */ = {isa = PBXFileReference; lastKnownFileType = sourcecode.swift; path = PacksService.swift; sourceTree = "<group>"; };
		3168056B20A22C51004D0E22 /* TravelPackagesListPresenter.swift */ = {isa = PBXFileReference; lastKnownFileType = sourcecode.swift; path = TravelPackagesListPresenter.swift; sourceTree = "<group>"; };
		3168056D20A22C96004D0E22 /* TravelPackagesListProtocol.swift */ = {isa = PBXFileReference; lastKnownFileType = sourcecode.swift; path = TravelPackagesListProtocol.swift; sourceTree = "<group>"; };
		3168057120A23CD3004D0E22 /* TravelPackagesListController.swift */ = {isa = PBXFileReference; lastKnownFileType = sourcecode.swift; path = TravelPackagesListController.swift; sourceTree = "<group>"; };
		31C9E93020A212AE00F4019F /* Packs.swift */ = {isa = PBXFileReference; lastKnownFileType = sourcecode.swift; path = Packs.swift; sourceTree = "<group>"; };
		31C9E93220A2163A00F4019F /* TravelPackageModel.swift */ = {isa = PBXFileReference; lastKnownFileType = sourcecode.swift; path = TravelPackageModel.swift; sourceTree = "<group>"; };
		31E06DDB20A382150083465A /* TravelPackageCollectionViewCell.swift */ = {isa = PBXFileReference; lastKnownFileType = sourcecode.swift; path = TravelPackageCollectionViewCell.swift; sourceTree = "<group>"; };
		31FBF43520A3749500D15D79 /* NSObject.swift */ = {isa = PBXFileReference; lastKnownFileType = sourcecode.swift; path = NSObject.swift; sourceTree = "<group>"; };
		31FBF43820A3751600D15D79 /* TravelPackagesViewCell.swift */ = {isa = PBXFileReference; lastKnownFileType = sourcecode.swift; path = TravelPackagesViewCell.swift; sourceTree = "<group>"; };
		9F0E065820A881AA00C35E3C /* VSTextField.swift */ = {isa = PBXFileReference; fileEncoding = 4; lastKnownFileType = sourcecode.swift; path = VSTextField.swift; sourceTree = "<group>"; };
		9F0E065B20A8CB9000C35E3C /* PaymentHistoryCell.swift */ = {isa = PBXFileReference; lastKnownFileType = sourcecode.swift; path = PaymentHistoryCell.swift; sourceTree = "<group>"; };
		9F0E065C20A8CB9000C35E3C /* PaymentHistoryCell.xib */ = {isa = PBXFileReference; lastKnownFileType = file.xib; path = PaymentHistoryCell.xib; sourceTree = "<group>"; };
		9FE9671320A7760A00A731C4 /* TravelPackagesDetailController.swift */ = {isa = PBXFileReference; lastKnownFileType = sourcecode.swift; path = TravelPackagesDetailController.swift; sourceTree = "<group>"; };
		9FE9671520A7AC3300A731C4 /* TravelPackagesDetailPresenter.swift */ = {isa = PBXFileReference; lastKnownFileType = sourcecode.swift; path = TravelPackagesDetailPresenter.swift; sourceTree = "<group>"; };
		9FE9671720A7AC5800A731C4 /* TravelPackagesDetailProtocol.swift */ = {isa = PBXFileReference; lastKnownFileType = sourcecode.swift; path = TravelPackagesDetailProtocol.swift; sourceTree = "<group>"; };
		9FE9671B20A7B87C00A731C4 /* TravelPackageDatabase.swift */ = {isa = PBXFileReference; lastKnownFileType = sourcecode.swift; path = TravelPackageDatabase.swift; sourceTree = "<group>"; };
		9FE9671F20A7BFB100A731C4 /* Alert.swift */ = {isa = PBXFileReference; lastKnownFileType = sourcecode.swift; path = Alert.swift; sourceTree = "<group>"; };
		9FE9673020A7CD5900A731C4 /* TravelPackagesPurchaseController.swift */ = {isa = PBXFileReference; lastKnownFileType = sourcecode.swift; path = TravelPackagesPurchaseController.swift; sourceTree = "<group>"; };
		9FE9673220A7CD6D00A731C4 /* TravelPackagesPurchasePresenter.swift */ = {isa = PBXFileReference; lastKnownFileType = sourcecode.swift; path = TravelPackagesPurchasePresenter.swift; sourceTree = "<group>"; };
		9FE9673420A7CD7D00A731C4 /* TravelPackagesPurchaseProtocol.swift */ = {isa = PBXFileReference; lastKnownFileType = sourcecode.swift; path = TravelPackagesPurchaseProtocol.swift; sourceTree = "<group>"; };
		9FE9673620A7CDBD00A731C4 /* TravelPackagesPaymentHistoryController.swift */ = {isa = PBXFileReference; lastKnownFileType = sourcecode.swift; path = TravelPackagesPaymentHistoryController.swift; sourceTree = "<group>"; };
		9FE9673820A7CDD200A731C4 /* TravelPackagesPaymentHistoryControllerPresenter.swift */ = {isa = PBXFileReference; lastKnownFileType = sourcecode.swift; path = TravelPackagesPaymentHistoryControllerPresenter.swift; sourceTree = "<group>"; };
		9FE9673A20A7CDDF00A731C4 /* TravelPackagesPaymentHistoryControllerProtocol.swift */ = {isa = PBXFileReference; lastKnownFileType = sourcecode.swift; path = TravelPackagesPaymentHistoryControllerProtocol.swift; sourceTree = "<group>"; };
		9FE9673C20A7CFA800A731C4 /* AppControl.swift */ = {isa = PBXFileReference; lastKnownFileType = sourcecode.swift; path = AppControl.swift; sourceTree = "<group>"; };
		9FE9673E20A7D01600A731C4 /* Coloring.swift */ = {isa = PBXFileReference; lastKnownFileType = sourcecode.swift; path = Coloring.swift; sourceTree = "<group>"; };
		9FE9674120A7FBC500A731C4 /* WithoutViewCell.swift */ = {isa = PBXFileReference; lastKnownFileType = sourcecode.swift; path = WithoutViewCell.swift; sourceTree = "<group>"; };
		9FE9674220A7FBC500A731C4 /* WithoutViewCell.xib */ = {isa = PBXFileReference; lastKnownFileType = file.xib; path = WithoutViewCell.xib; sourceTree = "<group>"; };
		9FE9674A20A8032100A731C4 /* ButtonViewParameterization.swift */ = {isa = PBXFileReference; lastKnownFileType = sourcecode.swift; path = ButtonViewParameterization.swift; sourceTree = "<group>"; };
		9FFFEC0F20A1156C00514B1B /* Viajabessa.app */ = {isa = PBXFileReference; explicitFileType = wrapper.application; includeInIndex = 0; path = Viajabessa.app; sourceTree = BUILT_PRODUCTS_DIR; };
		9FFFEC1220A1156C00514B1B /* AppDelegate.swift */ = {isa = PBXFileReference; lastKnownFileType = sourcecode.swift; path = AppDelegate.swift; sourceTree = "<group>"; };
		9FFFEC1720A1156C00514B1B /* Base */ = {isa = PBXFileReference; lastKnownFileType = file.storyboard; name = Base; path = Base.lproj/Main.storyboard; sourceTree = "<group>"; };
		9FFFEC1920A1156C00514B1B /* Assets.xcassets */ = {isa = PBXFileReference; lastKnownFileType = folder.assetcatalog; path = Assets.xcassets; sourceTree = "<group>"; };
		9FFFEC1C20A1156C00514B1B /* Base */ = {isa = PBXFileReference; lastKnownFileType = file.storyboard; name = Base; path = Base.lproj/LaunchScreen.storyboard; sourceTree = "<group>"; };
		9FFFEC1E20A1156C00514B1B /* Info.plist */ = {isa = PBXFileReference; lastKnownFileType = text.plist.xml; path = Info.plist; sourceTree = "<group>"; };
		C429470F0F0590671EFD4128 /* Pods-Viajabessa.debug.xcconfig */ = {isa = PBXFileReference; includeInIndex = 1; lastKnownFileType = text.xcconfig; name = "Pods-Viajabessa.debug.xcconfig"; path = "Pods/Target Support Files/Pods-Viajabessa/Pods-Viajabessa.debug.xcconfig"; sourceTree = "<group>"; };
/* End PBXFileReference section */

/* Begin PBXFrameworksBuildPhase section */
		9FFFEC0C20A1156C00514B1B /* Frameworks */ = {
			isa = PBXFrameworksBuildPhase;
			buildActionMask = 2147483647;
			files = (
				0DC09F9BD55B3CF219FED421 /* Pods_Viajabessa.framework in Frameworks */,
			);
			runOnlyForDeploymentPostprocessing = 0;
		};
/* End PBXFrameworksBuildPhase section */

/* Begin PBXGroup section */
		3168055B20A21CCB004D0E22 /* Service */ = {
			isa = PBXGroup;
			children = (
				3168055E20A21D13004D0E22 /* ServiceManager.swift */,
				3168056120A21D36004D0E22 /* ServiceManagerProtocol.swift */,
				3168056420A21D56004D0E22 /* ServiceError.swift */,
			);
			path = Service;
			sourceTree = "<group>";
		};
		3168055C20A21CDE004D0E22 /* Helpers */ = {
			isa = PBXGroup;
			children = (
				9F0E065820A881AA00C35E3C /* VSTextField.swift */,
				9FE9671D20A7BF9200A731C4 /* Alert */,
				31FBF43420A3746F00D15D79 /* Extensions */,
				3168055B20A21CCB004D0E22 /* Service */,
			);
			name = Helpers;
			path = "New Group";
			sourceTree = "<group>";
		};
		3168056820A22B6B004D0E22 /* TravelPackagesList */ = {
			isa = PBXGroup;
			children = (
				3168056920A22B95004D0E22 /* View */,
				3168056A20A22BA3004D0E22 /* Presenter */,
			);
			path = TravelPackagesList;
			sourceTree = "<group>";
		};
		3168056920A22B95004D0E22 /* View */ = {
			isa = PBXGroup;
			children = (
				31FBF43720A374FA00D15D79 /* Cell */,
				3168057120A23CD3004D0E22 /* TravelPackagesListController.swift */,
			);
			path = View;
			sourceTree = "<group>";
		};
		3168056A20A22BA3004D0E22 /* Presenter */ = {
			isa = PBXGroup;
			children = (
				3168056B20A22C51004D0E22 /* TravelPackagesListPresenter.swift */,
				3168056D20A22C96004D0E22 /* TravelPackagesListProtocol.swift */,
			);
			path = Presenter;
			sourceTree = "<group>";
		};
		31C9E92E20A20F4500F4019F /* Services */ = {
			isa = PBXGroup;
			children = (
				31C9E92F20A2123D00F4019F /* Models */,
				3168056620A22084004D0E22 /* PacksService.swift */,
			);
			path = Services;
			sourceTree = "<group>";
		};
		31C9E92F20A2123D00F4019F /* Models */ = {
			isa = PBXGroup;
			children = (
				9FE9671920A7B84E00A731C4 /* Database */,
				31C9E93020A212AE00F4019F /* Packs.swift */,
				31C9E93220A2163A00F4019F /* TravelPackageModel.swift */,
			);
			path = Models;
			sourceTree = "<group>";
		};
		31FBF43420A3746F00D15D79 /* Extensions */ = {
			isa = PBXGroup;
			children = (
				31FBF43520A3749500D15D79 /* NSObject.swift */,
				9FE9673E20A7D01600A731C4 /* Coloring.swift */,
				9FE9674A20A8032100A731C4 /* ButtonViewParameterization.swift */,
			);
			path = Extensions;
			sourceTree = "<group>";
		};
		31FBF43720A374FA00D15D79 /* Cell */ = {
			isa = PBXGroup;
			children = (
				31FBF43820A3751600D15D79 /* TravelPackagesViewCell.swift */,
				31E06DDB20A382150083465A /* TravelPackageCollectionViewCell.swift */,
			);
			path = Cell;
			sourceTree = "<group>";
		};
		9D4637F68A59C650D01425C2 /* Pods */ = {
			isa = PBXGroup;
			children = (
				C429470F0F0590671EFD4128 /* Pods-Viajabessa.debug.xcconfig */,
				109BE4CA68BB6AAA96148E20 /* Pods-Viajabessa.release.xcconfig */,
			);
			name = Pods;
			sourceTree = "<group>";
		};
		9F0E065A20A8CB4900C35E3C /* PaymentHistoryCell */ = {
			isa = PBXGroup;
			children = (
				9F0E065B20A8CB9000C35E3C /* PaymentHistoryCell.swift */,
				9F0E065C20A8CB9000C35E3C /* PaymentHistoryCell.xib */,
			);
			path = PaymentHistoryCell;
			sourceTree = "<group>";
		};
		9FE9671020A7742F00A731C4 /* TravelPackagesDetail */ = {
			isa = PBXGroup;
			children = (
				9FE9671120A7744C00A731C4 /* View */,
				9FE9671220A7745700A731C4 /* Presenter */,
			);
			path = TravelPackagesDetail;
			sourceTree = "<group>";
		};
		9FE9671120A7744C00A731C4 /* View */ = {
			isa = PBXGroup;
			children = (
				9FE9671320A7760A00A731C4 /* TravelPackagesDetailController.swift */,
			);
			path = View;
			sourceTree = "<group>";
		};
		9FE9671220A7745700A731C4 /* Presenter */ = {
			isa = PBXGroup;
			children = (
				9FE9671520A7AC3300A731C4 /* TravelPackagesDetailPresenter.swift */,
				9FE9671720A7AC5800A731C4 /* TravelPackagesDetailProtocol.swift */,
			);
			path = Presenter;
			sourceTree = "<group>";
		};
		9FE9671920A7B84E00A731C4 /* Database */ = {
			isa = PBXGroup;
			children = (
				9FE9671B20A7B87C00A731C4 /* TravelPackageDatabase.swift */,
			);
			path = Database;
			sourceTree = "<group>";
		};
		9FE9671D20A7BF9200A731C4 /* Alert */ = {
			isa = PBXGroup;
			children = (
				9FE9671F20A7BFB100A731C4 /* Alert.swift */,
			);
			path = Alert;
			sourceTree = "<group>";
		};
		9FE9672A20A7CCB100A731C4 /* TravelPackagesPurchase */ = {
			isa = PBXGroup;
			children = (
				9FE9672C20A7CD1600A731C4 /* View */,
				9FE9672E20A7CD2700A731C4 /* Presenter */,
			);
			path = TravelPackagesPurchase;
			sourceTree = "<group>";
		};
		9FE9672B20A7CCDA00A731C4 /* TravelPackagesPaymentHistory */ = {
			isa = PBXGroup;
			children = (
				9FE9672D20A7CD1F00A731C4 /* View */,
				9FE9672F20A7CD3A00A731C4 /* Presenter */,
			);
			path = TravelPackagesPaymentHistory;
			sourceTree = "<group>";
		};
		9FE9672C20A7CD1600A731C4 /* View */ = {
			isa = PBXGroup;
			children = (
				9FE9673020A7CD5900A731C4 /* TravelPackagesPurchaseController.swift */,
			);
			path = View;
			sourceTree = "<group>";
		};
		9FE9672D20A7CD1F00A731C4 /* View */ = {
			isa = PBXGroup;
			children = (
				9F0E065A20A8CB4900C35E3C /* PaymentHistoryCell */,
				9FE9673620A7CDBD00A731C4 /* TravelPackagesPaymentHistoryController.swift */,
			);
			path = View;
			sourceTree = "<group>";
		};
		9FE9672E20A7CD2700A731C4 /* Presenter */ = {
			isa = PBXGroup;
			children = (
				9FE9673220A7CD6D00A731C4 /* TravelPackagesPurchasePresenter.swift */,
				9FE9673420A7CD7D00A731C4 /* TravelPackagesPurchaseProtocol.swift */,
			);
			path = Presenter;
			sourceTree = "<group>";
		};
		9FE9672F20A7CD3A00A731C4 /* Presenter */ = {
			isa = PBXGroup;
			children = (
				9FE9673820A7CDD200A731C4 /* TravelPackagesPaymentHistoryControllerPresenter.swift */,
				9FE9673A20A7CDDF00A731C4 /* TravelPackagesPaymentHistoryControllerProtocol.swift */,
			);
			path = Presenter;
			sourceTree = "<group>";
		};
		9FE9674020A7FBA300A731C4 /* WithoutCell */ = {
			isa = PBXGroup;
			children = (
				9FE9674120A7FBC500A731C4 /* WithoutViewCell.swift */,
				9FE9674220A7FBC500A731C4 /* WithoutViewCell.xib */,
			);
			path = WithoutCell;
			sourceTree = "<group>";
		};
		9FFFEC0620A1156C00514B1B = {
			isa = PBXGroup;
			children = (
				9FFFEC1120A1156C00514B1B /* Viajabessa */,
				9FFFEC1020A1156C00514B1B /* Products */,
				9D4637F68A59C650D01425C2 /* Pods */,
				AF44F1C08E624C4BF2458E95 /* Frameworks */,
			);
			sourceTree = "<group>";
		};
		9FFFEC1020A1156C00514B1B /* Products */ = {
			isa = PBXGroup;
			children = (
				9FFFEC0F20A1156C00514B1B /* Viajabessa.app */,
			);
			name = Products;
			sourceTree = "<group>";
		};
		9FFFEC1120A1156C00514B1B /* Viajabessa */ = {
			isa = PBXGroup;
			children = (
				9FFFEC2820A1162500514B1B /* Features */,
				3168055C20A21CDE004D0E22 /* Helpers */,
				9FFFEC2620A1160F00514B1B /* Resources */,
				31C9E92E20A20F4500F4019F /* Services */,
				9FFFEC2420A115CD00514B1B /* Storyboards */,
			);
			path = Viajabessa;
			sourceTree = "<group>";
		};
		9FFFEC2420A115CD00514B1B /* Storyboards */ = {
			isa = PBXGroup;
			children = (
				9FFFEC1620A1156C00514B1B /* Main.storyboard */,
				9FFFEC1B20A1156C00514B1B /* LaunchScreen.storyboard */,
			);
			path = Storyboards;
			sourceTree = "<group>";
		};
		9FFFEC2620A1160F00514B1B /* Resources */ = {
			isa = PBXGroup;
			children = (
				9FFFEC1220A1156C00514B1B /* AppDelegate.swift */,
				9FFFEC1920A1156C00514B1B /* Assets.xcassets */,
				9FFFEC1E20A1156C00514B1B /* Info.plist */,
				3168055920A21A7C004D0E22 /* ServiceURL.swift */,
				9FE9673C20A7CFA800A731C4 /* AppControl.swift */,
			);
			path = Resources;
			sourceTree = "<group>";
		};
		9FFFEC2820A1162500514B1B /* Features */ = {
			isa = PBXGroup;
			children = (
				9FE9671020A7742F00A731C4 /* TravelPackagesDetail */,
				3168056820A22B6B004D0E22 /* TravelPackagesList */,
				9FE9672B20A7CCDA00A731C4 /* TravelPackagesPaymentHistory */,
				9FE9672A20A7CCB100A731C4 /* TravelPackagesPurchase */,
				9FE9674020A7FBA300A731C4 /* WithoutCell */,
			);
			path = Features;
			sourceTree = "<group>";
		};
		AF44F1C08E624C4BF2458E95 /* Frameworks */ = {
			isa = PBXGroup;
			children = (
				1601F954ABDD7D3F83E1047D /* Pods_Viajabessa.framework */,
			);
			name = Frameworks;
			sourceTree = "<group>";
		};
/* End PBXGroup section */

/* Begin PBXNativeTarget section */
		9FFFEC0E20A1156C00514B1B /* Viajabessa */ = {
			isa = PBXNativeTarget;
			buildConfigurationList = 9FFFEC2120A1156C00514B1B /* Build configuration list for PBXNativeTarget "Viajabessa" */;
			buildPhases = (
				461F9FD98E8295B274C693D5 /* [CP] Check Pods Manifest.lock */,
				9FFFEC0B20A1156C00514B1B /* Sources */,
				9FFFEC0C20A1156C00514B1B /* Frameworks */,
				9FFFEC0D20A1156C00514B1B /* Resources */,
				FC47B777B98C0C0CEB6D7C79 /* [CP] Embed Pods Frameworks */,
			);
			buildRules = (
			);
			dependencies = (
			);
			name = Viajabessa;
			productName = Viajabessa;
			productReference = 9FFFEC0F20A1156C00514B1B /* Viajabessa.app */;
			productType = "com.apple.product-type.application";
		};
/* End PBXNativeTarget section */

/* Begin PBXProject section */
		9FFFEC0720A1156C00514B1B /* Project object */ = {
			isa = PBXProject;
			attributes = {
				LastSwiftUpdateCheck = 0920;
				LastUpgradeCheck = 0920;
				ORGANIZATIONNAME = "Ronilson Batista";
				TargetAttributes = {
					9FFFEC0E20A1156C00514B1B = {
						CreatedOnToolsVersion = 9.2;
						ProvisioningStyle = Automatic;
					};
				};
			};
			buildConfigurationList = 9FFFEC0A20A1156C00514B1B /* Build configuration list for PBXProject "Viajabessa" */;
			compatibilityVersion = "Xcode 8.0";
			developmentRegion = en;
			hasScannedForEncodings = 0;
			knownRegions = (
				en,
				Base,
			);
			mainGroup = 9FFFEC0620A1156C00514B1B;
			productRefGroup = 9FFFEC1020A1156C00514B1B /* Products */;
			projectDirPath = "";
			projectRoot = "";
			targets = (
				9FFFEC0E20A1156C00514B1B /* Viajabessa */,
			);
		};
/* End PBXProject section */

/* Begin PBXResourcesBuildPhase section */
		9FFFEC0D20A1156C00514B1B /* Resources */ = {
			isa = PBXResourcesBuildPhase;
			buildActionMask = 2147483647;
			files = (
				9FFFEC1D20A1156C00514B1B /* LaunchScreen.storyboard in Resources */,
				9FFFEC1A20A1156C00514B1B /* Assets.xcassets in Resources */,
				9FFFEC1820A1156C00514B1B /* Main.storyboard in Resources */,
				9FE9674420A7FBC500A731C4 /* WithoutViewCell.xib in Resources */,
				9F0E065E20A8CB9000C35E3C /* PaymentHistoryCell.xib in Resources */,
			);
			runOnlyForDeploymentPostprocessing = 0;
		};
/* End PBXResourcesBuildPhase section */

/* Begin PBXShellScriptBuildPhase section */
		461F9FD98E8295B274C693D5 /* [CP] Check Pods Manifest.lock */ = {
			isa = PBXShellScriptBuildPhase;
			buildActionMask = 2147483647;
			files = (
			);
			inputPaths = (
				"${PODS_PODFILE_DIR_PATH}/Podfile.lock",
				"${PODS_ROOT}/Manifest.lock",
			);
			name = "[CP] Check Pods Manifest.lock";
			outputPaths = (
				"$(DERIVED_FILE_DIR)/Pods-Viajabessa-checkManifestLockResult.txt",
			);
			runOnlyForDeploymentPostprocessing = 0;
			shellPath = /bin/sh;
			shellScript = "diff \"${PODS_PODFILE_DIR_PATH}/Podfile.lock\" \"${PODS_ROOT}/Manifest.lock\" > /dev/null\nif [ $? != 0 ] ; then\n    # print error to STDERR\n    echo \"error: The sandbox is not in sync with the Podfile.lock. Run 'pod install' or update your CocoaPods installation.\" >&2\n    exit 1\nfi\n# This output is used by Xcode 'outputs' to avoid re-running this script phase.\necho \"SUCCESS\" > \"${SCRIPT_OUTPUT_FILE_0}\"\n";
			showEnvVarsInLog = 0;
		};
		FC47B777B98C0C0CEB6D7C79 /* [CP] Embed Pods Frameworks */ = {
			isa = PBXShellScriptBuildPhase;
			buildActionMask = 2147483647;
			files = (
			);
			inputPaths = (
				"${SRCROOT}/Pods/Target Support Files/Pods-Viajabessa/Pods-Viajabessa-frameworks.sh",
				"${BUILT_PRODUCTS_DIR}/Alamofire/Alamofire.framework",
				"${BUILT_PRODUCTS_DIR}/AlamofireImage/AlamofireImage.framework",
				"${BUILT_PRODUCTS_DIR}/Realm/Realm.framework",
				"${BUILT_PRODUCTS_DIR}/RealmSwift/RealmSwift.framework",
				"${BUILT_PRODUCTS_DIR}/SVProgressHUD/SVProgressHUD.framework",
			);
			name = "[CP] Embed Pods Frameworks";
			outputPaths = (
				"${TARGET_BUILD_DIR}/${FRAMEWORKS_FOLDER_PATH}/Alamofire.framework",
				"${TARGET_BUILD_DIR}/${FRAMEWORKS_FOLDER_PATH}/AlamofireImage.framework",
				"${TARGET_BUILD_DIR}/${FRAMEWORKS_FOLDER_PATH}/Realm.framework",
				"${TARGET_BUILD_DIR}/${FRAMEWORKS_FOLDER_PATH}/RealmSwift.framework",
				"${TARGET_BUILD_DIR}/${FRAMEWORKS_FOLDER_PATH}/SVProgressHUD.framework",
			);
			runOnlyForDeploymentPostprocessing = 0;
			shellPath = /bin/sh;
			shellScript = "\"${SRCROOT}/Pods/Target Support Files/Pods-Viajabessa/Pods-Viajabessa-frameworks.sh\"\n";
			showEnvVarsInLog = 0;
		};
/* End PBXShellScriptBuildPhase section */

/* Begin PBXSourcesBuildPhase section */
		9FFFEC0B20A1156C00514B1B /* Sources */ = {
			isa = PBXSourcesBuildPhase;
			buildActionMask = 2147483647;
			files = (
				9FE9673F20A7D01600A731C4 /* Coloring.swift in Sources */,
				3168056520A21D56004D0E22 /* ServiceError.swift in Sources */,
				3168056220A21D36004D0E22 /* ServiceManagerProtocol.swift in Sources */,
				9FE9673520A7CD7D00A731C4 /* TravelPackagesPurchaseProtocol.swift in Sources */,
				9FE9673920A7CDD200A731C4 /* TravelPackagesPaymentHistoryControllerPresenter.swift in Sources */,
				31C9E93120A212AE00F4019F /* Packs.swift in Sources */,
				9FE9673120A7CD5900A731C4 /* TravelPackagesPurchaseController.swift in Sources */,
				9FE9671C20A7B87C00A731C4 /* TravelPackageDatabase.swift in Sources */,
				9FE9671420A7760A00A731C4 /* TravelPackagesDetailController.swift in Sources */,
				9FE9672020A7BFB100A731C4 /* Alert.swift in Sources */,
				9FE9673B20A7CDDF00A731C4 /* TravelPackagesPaymentHistoryControllerProtocol.swift in Sources */,
				9FE9673320A7CD6D00A731C4 /* TravelPackagesPurchasePresenter.swift in Sources */,
				31FBF43A20A3751600D15D79 /* TravelPackagesViewCell.swift in Sources */,
				31C9E93320A2163A00F4019F /* TravelPackageModel.swift in Sources */,
				9FE9673720A7CDBD00A731C4 /* TravelPackagesPaymentHistoryController.swift in Sources */,
				9FE9671620A7AC3300A731C4 /* TravelPackagesDetailPresenter.swift in Sources */,
				9FE9671820A7AC5800A731C4 /* TravelPackagesDetailProtocol.swift in Sources */,
				3168055A20A21A7C004D0E22 /* ServiceURL.swift in Sources */,
				9FFFEC1320A1156C00514B1B /* AppDelegate.swift in Sources */,
				3168056C20A22C51004D0E22 /* TravelPackagesListPresenter.swift in Sources */,
				3168056E20A22C96004D0E22 /* TravelPackagesListProtocol.swift in Sources */,
				3168056720A22084004D0E22 /* PacksService.swift in Sources */,
				31FBF43620A3749500D15D79 /* NSObject.swift in Sources */,
				31E06DDD20A384910083465A /* TravelPackageCollectionViewCell.swift in Sources */,
				3168057320A23CD3004D0E22 /* TravelPackagesListController.swift in Sources */,
				9FE9674B20A8032100A731C4 /* ButtonViewParameterization.swift in Sources */,
				9FE9673D20A7CFA800A731C4 /* AppControl.swift in Sources */,
				9F0E065D20A8CB9000C35E3C /* PaymentHistoryCell.swift in Sources */,
				3168055F20A21D13004D0E22 /* ServiceManager.swift in Sources */,
				9F0E065920A881AB00C35E3C /* VSTextField.swift in Sources */,
				9FE9674320A7FBC500A731C4 /* WithoutViewCell.swift in Sources */,
			);
			runOnlyForDeploymentPostprocessing = 0;
		};
/* End PBXSourcesBuildPhase section */

/* Begin PBXVariantGroup section */
		9FFFEC1620A1156C00514B1B /* Main.storyboard */ = {
			isa = PBXVariantGroup;
			children = (
				9FFFEC1720A1156C00514B1B /* Base */,
			);
			name = Main.storyboard;
			sourceTree = "<group>";
		};
		9FFFEC1B20A1156C00514B1B /* LaunchScreen.storyboard */ = {
			isa = PBXVariantGroup;
			children = (
				9FFFEC1C20A1156C00514B1B /* Base */,
			);
			name = LaunchScreen.storyboard;
			sourceTree = "<group>";
		};
/* End PBXVariantGroup section */

/* Begin XCBuildConfiguration section */
		9FFFEC1F20A1156C00514B1B /* Debug */ = {
			isa = XCBuildConfiguration;
			buildSettings = {
				ALWAYS_SEARCH_USER_PATHS = NO;
				CLANG_ANALYZER_NONNULL = YES;
				CLANG_ANALYZER_NUMBER_OBJECT_CONVERSION = YES_AGGRESSIVE;
				CLANG_CXX_LANGUAGE_STANDARD = "gnu++14";
				CLANG_CXX_LIBRARY = "libc++";
				CLANG_ENABLE_MODULES = YES;
				CLANG_ENABLE_OBJC_ARC = YES;
				CLANG_WARN_BLOCK_CAPTURE_AUTORELEASING = YES;
				CLANG_WARN_BOOL_CONVERSION = YES;
				CLANG_WARN_COMMA = YES;
				CLANG_WARN_CONSTANT_CONVERSION = YES;
				CLANG_WARN_DIRECT_OBJC_ISA_USAGE = YES_ERROR;
				CLANG_WARN_DOCUMENTATION_COMMENTS = YES;
				CLANG_WARN_EMPTY_BODY = YES;
				CLANG_WARN_ENUM_CONVERSION = YES;
				CLANG_WARN_INFINITE_RECURSION = YES;
				CLANG_WARN_INT_CONVERSION = YES;
				CLANG_WARN_NON_LITERAL_NULL_CONVERSION = YES;
				CLANG_WARN_OBJC_LITERAL_CONVERSION = YES;
				CLANG_WARN_OBJC_ROOT_CLASS = YES_ERROR;
				CLANG_WARN_RANGE_LOOP_ANALYSIS = YES;
				CLANG_WARN_STRICT_PROTOTYPES = YES;
				CLANG_WARN_SUSPICIOUS_MOVE = YES;
				CLANG_WARN_UNGUARDED_AVAILABILITY = YES_AGGRESSIVE;
				CLANG_WARN_UNREACHABLE_CODE = YES;
				CLANG_WARN__DUPLICATE_METHOD_MATCH = YES;
				CODE_SIGN_IDENTITY = "iPhone Developer";
				COPY_PHASE_STRIP = NO;
				DEBUG_INFORMATION_FORMAT = dwarf;
				ENABLE_STRICT_OBJC_MSGSEND = YES;
				ENABLE_TESTABILITY = YES;
				GCC_C_LANGUAGE_STANDARD = gnu11;
				GCC_DYNAMIC_NO_PIC = NO;
				GCC_NO_COMMON_BLOCKS = YES;
				GCC_OPTIMIZATION_LEVEL = 0;
				GCC_PREPROCESSOR_DEFINITIONS = (
					"DEBUG=1",
					"$(inherited)",
				);
				GCC_WARN_64_TO_32_BIT_CONVERSION = YES;
				GCC_WARN_ABOUT_RETURN_TYPE = YES_ERROR;
				GCC_WARN_UNDECLARED_SELECTOR = YES;
				GCC_WARN_UNINITIALIZED_AUTOS = YES_AGGRESSIVE;
				GCC_WARN_UNUSED_FUNCTION = YES;
				GCC_WARN_UNUSED_VARIABLE = YES;
				IPHONEOS_DEPLOYMENT_TARGET = 11.2;
				MTL_ENABLE_DEBUG_INFO = YES;
				ONLY_ACTIVE_ARCH = YES;
				SDKROOT = iphoneos;
				SWIFT_ACTIVE_COMPILATION_CONDITIONS = DEBUG;
				SWIFT_OPTIMIZATION_LEVEL = "-Onone";
			};
			name = Debug;
		};
		9FFFEC2020A1156C00514B1B /* Release */ = {
			isa = XCBuildConfiguration;
			buildSettings = {
				ALWAYS_SEARCH_USER_PATHS = NO;
				CLANG_ANALYZER_NONNULL = YES;
				CLANG_ANALYZER_NUMBER_OBJECT_CONVERSION = YES_AGGRESSIVE;
				CLANG_CXX_LANGUAGE_STANDARD = "gnu++14";
				CLANG_CXX_LIBRARY = "libc++";
				CLANG_ENABLE_MODULES = YES;
				CLANG_ENABLE_OBJC_ARC = YES;
				CLANG_WARN_BLOCK_CAPTURE_AUTORELEASING = YES;
				CLANG_WARN_BOOL_CONVERSION = YES;
				CLANG_WARN_COMMA = YES;
				CLANG_WARN_CONSTANT_CONVERSION = YES;
				CLANG_WARN_DIRECT_OBJC_ISA_USAGE = YES_ERROR;
				CLANG_WARN_DOCUMENTATION_COMMENTS = YES;
				CLANG_WARN_EMPTY_BODY = YES;
				CLANG_WARN_ENUM_CONVERSION = YES;
				CLANG_WARN_INFINITE_RECURSION = YES;
				CLANG_WARN_INT_CONVERSION = YES;
				CLANG_WARN_NON_LITERAL_NULL_CONVERSION = YES;
				CLANG_WARN_OBJC_LITERAL_CONVERSION = YES;
				CLANG_WARN_OBJC_ROOT_CLASS = YES_ERROR;
				CLANG_WARN_RANGE_LOOP_ANALYSIS = YES;
				CLANG_WARN_STRICT_PROTOTYPES = YES;
				CLANG_WARN_SUSPICIOUS_MOVE = YES;
				CLANG_WARN_UNGUARDED_AVAILABILITY = YES_AGGRESSIVE;
				CLANG_WARN_UNREACHABLE_CODE = YES;
				CLANG_WARN__DUPLICATE_METHOD_MATCH = YES;
				CODE_SIGN_IDENTITY = "iPhone Developer";
				COPY_PHASE_STRIP = NO;
				DEBUG_INFORMATION_FORMAT = "dwarf-with-dsym";
				ENABLE_NS_ASSERTIONS = NO;
				ENABLE_STRICT_OBJC_MSGSEND = YES;
				GCC_C_LANGUAGE_STANDARD = gnu11;
				GCC_NO_COMMON_BLOCKS = YES;
				GCC_WARN_64_TO_32_BIT_CONVERSION = YES;
				GCC_WARN_ABOUT_RETURN_TYPE = YES_ERROR;
				GCC_WARN_UNDECLARED_SELECTOR = YES;
				GCC_WARN_UNINITIALIZED_AUTOS = YES_AGGRESSIVE;
				GCC_WARN_UNUSED_FUNCTION = YES;
				GCC_WARN_UNUSED_VARIABLE = YES;
				IPHONEOS_DEPLOYMENT_TARGET = 11.2;
				MTL_ENABLE_DEBUG_INFO = NO;
				SDKROOT = iphoneos;
				SWIFT_OPTIMIZATION_LEVEL = "-Owholemodule";
				VALIDATE_PRODUCT = YES;
			};
			name = Release;
		};
		9FFFEC2220A1156C00514B1B /* Debug */ = {
			isa = XCBuildConfiguration;
			baseConfigurationReference = C429470F0F0590671EFD4128 /* Pods-Viajabessa.debug.xcconfig */;
			buildSettings = {
				ASSETCATALOG_COMPILER_APPICON_NAME = AppIcon;
				CODE_SIGN_STYLE = Automatic;
				DEVELOPMENT_TEAM = 6FVWXKY4X6;
				INFOPLIST_FILE = "$(SRCROOT)/Viajabessa/Resources/Info.plist";
				IPHONEOS_DEPLOYMENT_TARGET = 10.0;
				LD_RUNPATH_SEARCH_PATHS = "$(inherited) @executable_path/Frameworks";
				PRODUCT_BUNDLE_IDENTIFIER = ronilson.Viajabessa;
				PRODUCT_NAME = "$(TARGET_NAME)";
				SWIFT_VERSION = 4.0;
				TARGETED_DEVICE_FAMILY = "1,2";
			};
			name = Debug;
		};
		9FFFEC2320A1156C00514B1B /* Release */ = {
			isa = XCBuildConfiguration;
			baseConfigurationReference = 109BE4CA68BB6AAA96148E20 /* Pods-Viajabessa.release.xcconfig */;
			buildSettings = {
				ASSETCATALOG_COMPILER_APPICON_NAME = AppIcon;
				CODE_SIGN_STYLE = Automatic;
				DEVELOPMENT_TEAM = 6FVWXKY4X6;
				INFOPLIST_FILE = "$(SRCROOT)/Viajabessa/Resources/Info.plist";
				IPHONEOS_DEPLOYMENT_TARGET = 10.0;
				LD_RUNPATH_SEARCH_PATHS = "$(inherited) @executable_path/Frameworks";
				PRODUCT_BUNDLE_IDENTIFIER = ronilson.Viajabessa;
				PRODUCT_NAME = "$(TARGET_NAME)";
				SWIFT_VERSION = 4.0;
				TARGETED_DEVICE_FAMILY = "1,2";
			};
			name = Release;
		};
/* End XCBuildConfiguration section */

/* Begin XCConfigurationList section */
		9FFFEC0A20A1156C00514B1B /* Build configuration list for PBXProject "Viajabessa" */ = {
			isa = XCConfigurationList;
			buildConfigurations = (
				9FFFEC1F20A1156C00514B1B /* Debug */,
				9FFFEC2020A1156C00514B1B /* Release */,
			);
			defaultConfigurationIsVisible = 0;
			defaultConfigurationName = Release;
		};
		9FFFEC2120A1156C00514B1B /* Build configuration list for PBXNativeTarget "Viajabessa" */ = {
			isa = XCConfigurationList;
			buildConfigurations = (
				9FFFEC2220A1156C00514B1B /* Debug */,
				9FFFEC2320A1156C00514B1B /* Release */,
			);
			defaultConfigurationIsVisible = 0;
			defaultConfigurationName = Release;
		};
/* End XCConfigurationList section */
	};
	rootObject = 9FFFEC0720A1156C00514B1B /* Project object */;
}
